
Microsoft Visual Studio Solution File, Format Version 12.00
# Visual Studio Version 17
VisualStudioVersion = 17.7.34031.279
MinimumVisualStudioVersion = 10.0.40219.1
Project("{FAE04EC0-301F-11D3-BF4B-00C04F79EFBC}") = "calyscope", "calyscope\calyscope.csproj", "{B0ECBE3F-EB0C-485B-8498-54E814DE8DB6}"
EndProject
Global
	GlobalSection(SolutionConfigurationPlatforms) = preSolution
		Debug|Any CPU = Debug|Any CPU
		Release|Any CPU = Release|Any CPU
	EndGlobalSection
	GlobalSection(ProjectConfigurationPlatforms) = postSolution
		{B0ECBE3F-EB0C-485B-8498-54E814DE8DB6}.Debug|Any CPU.ActiveCfg = Debug|Any CPU
		{B0ECBE3F-EB0C-485B-8498-54E814DE8DB6}.Debug|Any CPU.Build.0 = Debug|Any CPU
		{B0ECBE3F-EB0C-485B-8498-54E814DE8DB6}.Release|Any CPU.ActiveCfg = Release|Any CPU
		{B0ECBE3F-EB0C-485B-8498-54E814DE8DB6}.Release|Any CPU.Build.0 = Release|Any CPU
	EndGlobalSection
	GlobalSection(SolutionProperties) = preSolution
		HideSolutionNode = FALSE
	EndGlobalSection
	GlobalSection(ExtensibilityGlobals) = postSolution
		SolutionGuid = {EC92E6C1-E4B7-4EA0-A8D4-D9D91815059D}
	EndGlobalSection
EndGlobal
